PODS:
  - HokoBlur-OC (0.0.1):
    - HokoBlur-OC/Filter (= 0.0.1)
    - HokoBlur-OC/SDK (= 0.0.1)
  - HokoBlur-OC/Filter (0.0.1)
  - HokoBlur-OC/SDK (0.0.1):
    - libextobjc
  - libextobjc (0.6):
    - libextobjc/EXTADT (= 0.6)
    - libextobjc/EXTConcreteProtocol (= 0.6)
    - libextobjc/EXTKeyPathCoding (= 0.6)
    - libextobjc/EXTNil (= 0.6)
    - libextobjc/EXTSafeCategory (= 0.6)
    - libextobjc/EXTScope (= 0.6)
    - libextobjc/EXTSelectorChecking (= 0.6)
    - libextobjc/EXTSynthesize (= 0.6)
    - "libextobjc/NSInvocation+EXT (= 0.6)"
    - "libextobjc/NSMethodSignature+EXT (= 0.6)"
    - libextobjc/RuntimeExtensions (= 0.6)
    - libextobjc/UmbrellaHeader (= 0.6)
  - libextobjc/EXTADT (0.6):
    - libextobjc/RuntimeExtensions
  - libextobjc/EXTConcreteProtocol (0.6):
    - libextobjc/RuntimeExtensions
  - libextobjc/EXTKeyPathCoding (0.6):
    - libextobjc/RuntimeExtensions
  - libextobjc/EXTNil (0.6):
    - libextobjc/RuntimeExtensions
  - libextobjc/EXTSafeCategory (0.6):
    - libextobjc/RuntimeExtensions
  - libextobjc/EXTScope (0.6):
    - libextobjc/RuntimeExtensions
  - libextobjc/EXTSelectorChecking (0.6):
    - libextobjc/RuntimeExtensions
  - libextobjc/EXTSynthesize (0.6):
    - libextobjc/RuntimeExtensions
  - "libextobjc/NSInvocation+EXT (0.6)":
    - libextobjc/RuntimeExtensions
  - "libextobjc/NSMethodSignature+EXT (0.6)":
    - libextobjc/RuntimeExtensions
  - libextobjc/RuntimeExtensions (0.6)
  - libextobjc/UmbrellaHeader (0.6)

DEPENDENCIES:
  - HokoBlur-OC (from `../`)

SPEC REPOS:
  https://github.com/cocoapods/specs.git:
    - libextobjc

EXTERNAL SOURCES:
  HokoBlur-OC:
    :path: "../"

SPEC CHECKSUMS:
  HokoBlur-OC: 19e2fa45fda92398f15ad4ece0a017dede3afcd6
  libextobjc: aed8b7d2b07f511c1a7ecaacb33ea03e327c69b7

PODFILE CHECKSUM: d18a99ef46fd110b21ca87e2a7dfa190b18ef9b0

COCOAPODS: 1.6.0.beta.2
